
Microsoft Visual Studio Solution File, Format Version 12.00
# Visual Studio Version 17
VisualStudioVersion = 17.5.33414.496
MinimumVisualStudioVersion = 10.0.40219.1
Project("{FAE04EC0-301F-11D3-BF4B-00C04F79EFBC}") = "تکلیف 5", "تکلیف 5\تکلیف 5.csproj", "{3FE2D3FA-D970-4BF9-9E64-0D412E962AF0}"
EndProject
Global
	GlobalSection(SolutionConfigurationPlatforms) = preSolution
		Debug|Any CPU = Debug|Any CPU
		Release|Any CPU = Release|Any CPU
	EndGlobalSection
	GlobalSection(ProjectConfigurationPlatforms) = postSolution
		{3FE2D3FA-D970-4BF9-9E64-0D412E962AF0}.Debug|Any CPU.ActiveCfg = Debug|Any CPU
		{3FE2D3FA-D970-4BF9-9E64-0D412E962AF0}.Debug|Any CPU.Build.0 = Debug|Any CPU
		{3FE2D3FA-D970-4BF9-9E64-0D412E962AF0}.Release|Any CPU.ActiveCfg = Release|Any CPU
		{3FE2D3FA-D970-4BF9-9E64-0D412E962AF0}.Release|Any CPU.Build.0 = Release|Any CPU
	EndGlobalSection
	GlobalSection(SolutionProperties) = preSolution
		HideSolutionNode = FALSE
	EndGlobalSection
	GlobalSection(ExtensibilityGlobals) = postSolution
		SolutionGuid = {EBDE39A8-5961-41EF-8973-8F62535BBC27}
	EndGlobalSection
EndGlobal
